
Microsoft Visual Studio Solution File, Format Version 12.00
# Visual Studio Version 17
VisualStudioVersion = 17.5.33530.505
MinimumVisualStudioVersion = 10.0.40219.1
Project("{FAE04EC0-301F-11D3-BF4B-00C04F79EFBC}") = "MagicVilla_API", "MagicVilla_API\MagicVilla_API.csproj", "{3AAA2AE5-934E-4B2B-8EEE-DDAAE573C647}"
EndProject
Global
	GlobalSection(SolutionConfigurationPlatforms) = preSolution
		Debug|Any CPU = Debug|Any CPU
		Release|Any CPU = Release|Any CPU
	EndGlobalSection
	GlobalSection(ProjectConfigurationPlatforms) = postSolution
		{3AAA2AE5-934E-4B2B-8EEE-DDAAE573C647}.Debug|Any CPU.ActiveCfg = Debug|Any CPU
		{3AAA2AE5-934E-4B2B-8EEE-DDAAE573C647}.Debug|Any CPU.Build.0 = Debug|Any CPU
		{3AAA2AE5-934E-4B2B-8EEE-DDAAE573C647}.Release|Any CPU.ActiveCfg = Release|Any CPU
		{3AAA2AE5-934E-4B2B-8EEE-DDAAE573C647}.Release|Any CPU.Build.0 = Release|Any CPU
	EndGlobalSection
	GlobalSection(SolutionProperties) = preSolution
		HideSolutionNode = FALSE
	EndGlobalSection
	GlobalSection(ExtensibilityGlobals) = postSolution
		SolutionGuid = {ACD2723C-17C5-44AA-9321-2F266E098F42}
	EndGlobalSection
EndGlobal
